
Microsoft Visual Studio Solution File, Format Version 12.00
# Visual Studio Version 16
VisualStudioVersion = 16.0.31005.135
MinimumVisualStudioVersion = 10.0.40219.1
Project("{FAE04EC0-301F-11D3-BF4B-00C04F79EFBC}") = "TriviaXamarinApp.UWP", "TriviaXamarinApp\TriviaXamarinApp.UWP\TriviaXamarinApp.UWP.csproj", "{C557F797-C5D8-47CA-A4A4-CC7CC732A72C}"
EndProject
Project("{FAE04EC0-301F-11D3-BF4B-00C04F79EFBC}") = "TriviaXamarinApp.Android", "TriviaXamarinApp\TriviaXamarinApp.Android\TriviaXamarinApp.Android.csproj", "{9761C420-57EF-418C-9D43-78384B264497}"
EndProject
Project("{FAE04EC0-301F-11D3-BF4B-00C04F79EFBC}") = "TriviaXamarinApp.iOS", "TriviaXamarinApp\TriviaXamarinApp.iOS\TriviaXamarinApp.iOS.csproj", "{32B34DD7-285F-4B3F-B5EE-52C1A8AB3EFC}"
EndProject
Project("{FAE04EC0-301F-11D3-BF4B-00C04F79EFBC}") = "TriviaXamarinApp", "TriviaXamarinApp\TriviaXamarinApp\TriviaXamarinApp.csproj", "{0EABEE60-E391-4979-AFE7-76AB5E17EEA4}"
EndProject
Global
	GlobalSection(SolutionConfigurationPlatforms) = preSolution
		Debug|Any CPU = Debug|Any CPU
		Debug|ARM = Debug|ARM
		Debug|iPhone = Debug|iPhone
		Debug|iPhoneSimulator = Debug|iPhoneSimulator
		Debug|x64 = Debug|x64
		Debug|x86 = Debug|x86
		Release|Any CPU = Release|Any CPU
		Release|ARM = Release|ARM
		Release|iPhone = Release|iPhone
		Release|iPhoneSimulator = Release|iPhoneSimulator
		Release|x64 = Release|x64
		Release|x86 = Release|x86
	EndGlobalSection
	GlobalSection(ProjectConfigurationPlatforms) = postSolution
		{C557F797-C5D8-47CA-A4A4-CC7CC732A72C}.Debug|Any CPU.ActiveCfg = Debug|x86
		{C557F797-C5D8-47CA-A4A4-CC7CC732A72C}.Debug|Any CPU.Build.0 = Debug|x86
		{C557F797-C5D8-47CA-A4A4-CC7CC732A72C}.Debug|Any CPU.Deploy.0 = Debug|x86
		{C557F797-C5D8-47CA-A4A4-CC7CC732A72C}.Debug|ARM.ActiveCfg = Debug|ARM
		{C557F797-C5D8-47CA-A4A4-CC7CC732A72C}.Debug|ARM.Build.0 = Debug|ARM
		{C557F797-C5D8-47CA-A4A4-CC7CC732A72C}.Debug|ARM.Deploy.0 = Debug|ARM
		{C557F797-C5D8-47CA-A4A4-CC7CC732A72C}.Debug|iPhone.ActiveCfg = Debug|x86
		{C557F797-C5D8-47CA-A4A4-CC7CC732A72C}.Debug|iPhone.Build.0 = Debug|x86
		{C557F797-C5D8-47CA-A4A4-CC7CC732A72C}.Debug|iPhone.Deploy.0 = Debug|x86
		{C557F797-C5D8-47CA-A4A4-CC7CC732A72C}.Debug|iPhoneSimulator.ActiveCfg = Debug|x86
		{C557F797-C5D8-47CA-A4A4-CC7CC732A72C}.Debug|iPhoneSimulator.Build.0 = Debug|x86
		{C557F797-C5D8-47CA-A4A4-CC7CC732A72C}.Debug|iPhoneSimulator.Deploy.0 = Debug|x86
		{C557F797-C5D8-47CA-A4A4-CC7CC732A72C}.Debug|x64.ActiveCfg = Debug|x64
		{C557F797-C5D8-47CA-A4A4-CC7CC732A72C}.Debug|x64.Build.0 = Debug|x64
		{C557F797-C5D8-47CA-A4A4-CC7CC732A72C}.Debug|x64.Deploy.0 = Debug|x64
		{C557F797-C5D8-47CA-A4A4-CC7CC732A72C}.Debug|x86.ActiveCfg = Debug|x86
		{C557F797-C5D8-47CA-A4A4-CC7CC732A72C}.Debug|x86.Build.0 = Debug|x86
		{C557F797-C5D8-47CA-A4A4-CC7CC732A72C}.Debug|x86.Deploy.0 = Debug|x86
		{C557F797-C5D8-47CA-A4A4-CC7CC732A72C}.Release|Any CPU.ActiveCfg = Release|x86
		{C557F797-C5D8-47CA-A4A4-CC7CC732A72C}.Release|Any CPU.Build.0 = Release|x86
		{C557F797-C5D8-47CA-A4A4-CC7CC732A72C}.Release|Any CPU.Deploy.0 = Release|x86
		{C557F797-C5D8-47CA-A4A4-CC7CC732A72C}.Release|ARM.ActiveCfg = Release|ARM
		{C557F797-C5D8-47CA-A4A4-CC7CC732A72C}.Release|ARM.Build.0 = Release|ARM
		{C557F797-C5D8-47CA-A4A4-CC7CC732A72C}.Release|ARM.Deploy.0 = Release|ARM
		{C557F797-C5D8-47CA-A4A4-CC7CC732A72C}.Release|iPhone.ActiveCfg = Release|x86
		{C557F797-C5D8-47CA-A4A4-CC7CC732A72C}.Release|iPhone.Build.0 = Release|x86
		{C557F797-C5D8-47CA-A4A4-CC7CC732A72C}.Release|iPhone.Deploy.0 = Release|x86
		{C557F797-C5D8-47CA-A4A4-CC7CC732A72C}.Release|iPhoneSimulator.ActiveCfg = Release|x86
		{C557F797-C5D8-47CA-A4A4-CC7CC732A72C}.Release|iPhoneSimulator.Build.0 = Release|x86
		{C557F797-C5D8-47CA-A4A4-CC7CC732A72C}.Release|iPhoneSimulator.Deploy.0 = Release|x86
		{C557F797-C5D8-47CA-A4A4-CC7CC732A72C}.Release|x64.ActiveCfg = Release|x64
		{C557F797-C5D8-47CA-A4A4-CC7CC732A72C}.Release|x64.Build.0 = Release|x64
		{C557F797-C5D8-47CA-A4A4-CC7CC732A72C}.Release|x64.Deploy.0 = Release|x64
		{C557F797-C5D8-47CA-A4A4-CC7CC732A72C}.Release|x86.ActiveCfg = Release|x86
		{C557F797-C5D8-47CA-A4A4-CC7CC732A72C}.Release|x86.Build.0 = Release|x86
		{C557F797-C5D8-47CA-A4A4-CC7CC732A72C}.Release|x86.Deploy.0 = Release|x86
		{9761C420-57EF-418C-9D43-78384B264497}.Debug|Any CPU.ActiveCfg = Debug|Any CPU
		{9761C420-57EF-418C-9D43-78384B264497}.Debug|Any CPU.Build.0 = Debug|Any CPU
		{9761C420-57EF-418C-9D43-78384B264497}.Debug|Any CPU.Deploy.0 = Debug|Any CPU
		{9761C420-57EF-418C-9D43-78384B264497}.Debug|ARM.ActiveCfg = Debug|Any CPU
		{9761C420-57EF-418C-9D43-78384B264497}.Debug|ARM.Build.0 = Debug|Any CPU
		{9761C420-57EF-418C-9D43-78384B264497}.Debug|ARM.Deploy.0 = Debug|Any CPU
		{9761C420-57EF-418C-9D43-78384B264497}.Debug|iPhone.ActiveCfg = Debug|Any CPU
		{9761C420-57EF-418C-9D43-78384B264497}.Debug|iPhone.Build.0 = Debug|Any CPU
		{9761C420-57EF-418C-9D43-78384B264497}.Debug|iPhone.Deploy.0 = Debug|Any CPU
		{9761C420-57EF-418C-9D43-78384B264497}.Debug|iPhoneSimulator.ActiveCfg = Debug|Any CPU
		{9761C420-57EF-418C-9D43-78384B264497}.Debug|iPhoneSimulator.Build.0 = Debug|Any CPU
		{9761C420-57EF-418C-9D43-78384B264497}.Debug|iPhoneSimulator.Deploy.0 = Debug|Any CPU
		{9761C420-57EF-418C-9D43-78384B264497}.Debug|x64.ActiveCfg = Debug|Any CPU
		{9761C420-57EF-418C-9D43-78384B264497}.Debug|x64.Build.0 = Debug|Any CPU
		{9761C420-57EF-418C-9D43-78384B264497}.Debug|x64.Deploy.0 = Debug|Any CPU
		{9761C420-57EF-418C-9D43-78384B264497}.Debug|x86.ActiveCfg = Debug|Any CPU
		{9761C420-57EF-418C-9D43-78384B264497}.Debug|x86.Build.0 = Debug|Any CPU
		{9761C420-57EF-418C-9D43-78384B264497}.Debug|x86.Deploy.0 = Debug|Any CPU
		{9761C420-57EF-418C-9D43-78384B264497}.Release|Any CPU.ActiveCfg = Release|Any CPU
		{9761C420-57EF-418C-9D43-78384B264497}.Release|Any CPU.Build.0 = Release|Any CPU
		{9761C420-57EF-418C-9D43-78384B264497}.Release|Any CPU.Deploy.0 = Release|Any CPU
		{9761C420-57EF-418C-9D43-78384B264497}.Release|ARM.ActiveCfg = Release|Any CPU
		{9761C420-57EF-418C-9D43-78384B264497}.Release|ARM.Build.0 = Release|Any CPU
		{9761C420-57EF-418C-9D43-78384B264497}.Release|ARM.Deploy.0 = Release|Any CPU
		{9761C420-57EF-418C-9D43-78384B264497}.Release|iPhone.ActiveCfg = Release|Any CPU
		{9761C420-57EF-418C-9D43-78384B264497}.Release|iPhone.Build.0 = Release|Any CPU
		{9761C420-57EF-418C-9D43-78384B264497}.Release|iPhone.Deploy.0 = Release|Any CPU
		{9761C420-57EF-418C-9D43-78384B264497}.Release|iPhoneSimulator.ActiveCfg = Release|Any CPU
		{9761C420-57EF-418C-9D43-78384B264497}.Release|iPhoneSimulator.Build.0 = Release|Any CPU
		{9761C420-57EF-418C-9D43-78384B264497}.Release|iPhoneSimulator.Deploy.0 = Release|Any CPU
		{9761C420-57EF-418C-9D43-78384B264497}.Release|x64.ActiveCfg = Release|Any CPU
		{9761C420-57EF-418C-9D43-78384B264497}.Release|x64.Build.0 = Release|Any CPU
		{9761C420-57EF-418C-9D43-78384B264497}.Release|x64.Deploy.0 = Release|Any CPU
		{9761C420-57EF-418C-9D43-78384B264497}.Release|x86.ActiveCfg = Release|Any CPU
		{9761C420-57EF-418C-9D43-78384B264497}.Release|x86.Build.0 = Release|Any CPU
		{9761C420-57EF-418C-9D43-78384B264497}.Release|x86.Deploy.0 = Release|Any CPU
		{32B34DD7-285F-4B3F-B5EE-52C1A8AB3EFC}.Debug|Any CPU.ActiveCfg = Debug|iPhoneSimulator
		{32B34DD7-285F-4B3F-B5EE-52C1A8AB3EFC}.Debug|Any CPU.Build.0 = Debug|iPhoneSimulator
		{32B34DD7-285F-4B3F-B5EE-52C1A8AB3EFC}.Debug|Any CPU.Deploy.0 = Debug|iPhoneSimulator
		{32B34DD7-285F-4B3F-B5EE-52C1A8AB3EFC}.Debug|ARM.ActiveCfg = Debug|iPhone
		{32B34DD7-285F-4B3F-B5EE-52C1A8AB3EFC}.Debug|ARM.Build.0 = Debug|iPhone
		{32B34DD7-285F-4B3F-B5EE-52C1A8AB3EFC}.Debug|ARM.Deploy.0 = Debug|iPhone
		{32B34DD7-285F-4B3F-B5EE-52C1A8AB3EFC}.Debug|iPhone.ActiveCfg = Debug|iPhone
		{32B34DD7-285F-4B3F-B5EE-52C1A8AB3EFC}.Debug|iPhone.Build.0 = Debug|iPhone
		{32B34DD7-285F-4B3F-B5EE-52C1A8AB3EFC}.Debug|iPhone.Deploy.0 = Debug|iPhone
		{32B34DD7-285F-4B3F-B5EE-52C1A8AB3EFC}.Debug|iPhoneSimulator.ActiveCfg = Debug|iPhoneSimulator
		{32B34DD7-285F-4B3F-B5EE-52C1A8AB3EFC}.Debug|iPhoneSimulator.Build.0 = Debug|iPhoneSimulator
		{32B34DD7-285F-4B3F-B5EE-52C1A8AB3EFC}.Debug|iPhoneSimulator.Deploy.0 = Debug|iPhoneSimulator
		{32B34DD7-285F-4B3F-B5EE-52C1A8AB3EFC}.Debug|x64.ActiveCfg = Debug|iPhoneSimulator
		{32B34DD7-285F-4B3F-B5EE-52C1A8AB3EFC}.Debug|x64.Build.0 = Debug|iPhoneSimulator
		{32B34DD7-285F-4B3F-B5EE-52C1A8AB3EFC}.Debug|x64.Deploy.0 = Debug|iPhoneSimulator
		{32B34DD7-285F-4B3F-B5EE-52C1A8AB3EFC}.Debug|x86.ActiveCfg = Debug|iPhoneSimulator
		{32B34DD7-285F-4B3F-B5EE-52C1A8AB3EFC}.Debug|x86.Build.0 = Debug|iPhoneSimulator
		{32B34DD7-285F-4B3F-B5EE-52C1A8AB3EFC}.Debug|x86.Deploy.0 = Debug|iPhoneSimulator
		{32B34DD7-285F-4B3F-B5EE-52C1A8AB3EFC}.Release|Any CPU.ActiveCfg = Release|iPhoneSimulator
		{32B34DD7-285F-4B3F-B5EE-52C1A8AB3EFC}.Release|Any CPU.Build.0 = Release|iPhoneSimulator
		{32B34DD7-285F-4B3F-B5EE-52C1A8AB3EFC}.Release|Any CPU.Deploy.0 = Release|iPhoneSimulator
		{32B34DD7-285F-4B3F-B5EE-52C1A8AB3EFC}.Release|ARM.ActiveCfg = Release|iPhoneSimulator
		{32B34DD7-285F-4B3F-B5EE-52C1A8AB3EFC}.Release|ARM.Build.0 = Release|iPhoneSimulator
		{32B34DD7-285F-4B3F-B5EE-52C1A8AB3EFC}.Release|ARM.Deploy.0 = Release|iPhoneSimulator
		{32B34DD7-285F-4B3F-B5EE-52C1A8AB3EFC}.Release|iPhone.ActiveCfg = Release|iPhone
		{32B34DD7-285F-4B3F-B5EE-52C1A8AB3EFC}.Release|iPhone.Build.0 = Release|iPhone
		{32B34DD7-285F-4B3F-B5EE-52C1A8AB3EFC}.Release|iPhone.Deploy.0 = Release|iPhone
		{32B34DD7-285F-4B3F-B5EE-52C1A8AB3EFC}.Release|iPhoneSimulator.ActiveCfg = Release|iPhoneSimulator
		{32B34DD7-285F-4B3F-B5EE-52C1A8AB3EFC}.Release|iPhoneSimulator.Build.0 = Release|iPhoneSimulator
		{32B34DD7-285F-4B3F-B5EE-52C1A8AB3EFC}.Release|iPhoneSimulator.Deploy.0 = Release|iPhoneSimulator
		{32B34DD7-285F-4B3F-B5EE-52C1A8AB3EFC}.Release|x64.ActiveCfg = Release|iPhoneSimulator
		{32B34DD7-285F-4B3F-B5EE-52C1A8AB3EFC}.Release|x64.Build.0 = Release|iPhoneSimulator
		{32B34DD7-285F-4B3F-B5EE-52C1A8AB3EFC}.Release|x64.Deploy.0 = Release|iPhoneSimulator
		{32B34DD7-285F-4B3F-B5EE-52C1A8AB3EFC}.Release|x86.ActiveCfg = Release|iPhoneSimulator
		{32B34DD7-285F-4B3F-B5EE-52C1A8AB3EFC}.Release|x86.Build.0 = Release|iPhoneSimulator
		{32B34DD7-285F-4B3F-B5EE-52C1A8AB3EFC}.Release|x86.Deploy.0 = Release|iPhoneSimulator
		{0EABEE60-E391-4979-AFE7-76AB5E17EEA4}.Debug|Any CPU.ActiveCfg = Debug|Any CPU
		{0EABEE60-E391-4979-AFE7-76AB5E17EEA4}.Debug|Any CPU.Build.0 = Debug|Any CPU
		{0EABEE60-E391-4979-AFE7-76AB5E17EEA4}.Debug|Any CPU.Deploy.0 = Debug|Any CPU
		{0EABEE60-E391-4979-AFE7-76AB5E17EEA4}.Debug|ARM.ActiveCfg = Debug|Any CPU
		{0EABEE60-E391-4979-AFE7-76AB5E17EEA4}.Debug|ARM.Build.0 = Debug|Any CPU
		{0EABEE60-E391-4979-AFE7-76AB5E17EEA4}.Debug|ARM.Deploy.0 = Debug|Any CPU
		{0EABEE60-E391-4979-AFE7-76AB5E17EEA4}.Debug|iPhone.ActiveCfg = Debug|Any CPU
		{0EABEE60-E391-4979-AFE7-76AB5E17EEA4}.Debug|iPhone.Build.0 = Debug|Any CPU
		{0EABEE60-E391-4979-AFE7-76AB5E17EEA4}.Debug|iPhone.Deploy.0 = Debug|Any CPU
		{0EABEE60-E391-4979-AFE7-76AB5E17EEA4}.Debug|iPhoneSimulator.ActiveCfg = Debug|Any CPU
		{0EABEE60-E391-4979-AFE7-76AB5E17EEA4}.Debug|iPhoneSimulator.Build.0 = Debug|Any CPU
		{0EABEE60-E391-4979-AFE7-76AB5E17EEA4}.Debug|iPhoneSimulator.Deploy.0 = Debug|Any CPU
		{0EABEE60-E391-4979-AFE7-76AB5E17EEA4}.Debug|x64.ActiveCfg = Debug|Any CPU
		{0EABEE60-E391-4979-AFE7-76AB5E17EEA4}.Debug|x64.Build.0 = Debug|Any CPU
		{0EABEE60-E391-4979-AFE7-76AB5E17EEA4}.Debug|x64.Deploy.0 = Debug|Any CPU
		{0EABEE60-E391-4979-AFE7-76AB5E17EEA4}.Debug|x86.ActiveCfg = Debug|Any CPU
		{0EABEE60-E391-4979-AFE7-76AB5E17EEA4}.Debug|x86.Build.0 = Debug|Any CPU
		{0EABEE60-E391-4979-AFE7-76AB5E17EEA4}.Debug|x86.Deploy.0 = Debug|Any CPU
		{0EABEE60-E391-4979-AFE7-76AB5E17EEA4}.Release|Any CPU.ActiveCfg = Release|Any CPU
		{0EABEE60-E391-4979-AFE7-76AB5E17EEA4}.Release|Any CPU.Build.0 = Release|Any CPU
		{0EABEE60-E391-4979-AFE7-76AB5E17EEA4}.Release|Any CPU.Deploy.0 = Release|Any CPU
		{0EABEE60-E391-4979-AFE7-76AB5E17EEA4}.Release|ARM.ActiveCfg = Release|Any CPU
		{0EABEE60-E391-4979-AFE7-76AB5E17EEA4}.Release|ARM.Build.0 = Release|Any CPU
		{0EABEE60-E391-4979-AFE7-76AB5E17EEA4}.Release|ARM.Deploy.0 = Release|Any CPU
		{0EABEE60-E391-4979-AFE7-76AB5E17EEA4}.Release|iPhone.ActiveCfg = Release|Any CPU
		{0EABEE60-E391-4979-AFE7-76AB5E17EEA4}.Release|iPhone.Build.0 = Release|Any CPU
		{0EABEE60-E391-4979-AFE7-76AB5E17EEA4}.Release|iPhone.Deploy.0 = Release|Any CPU
		{0EABEE60-E391-4979-AFE7-76AB5E17EEA4}.Release|iPhoneSimulator.ActiveCfg = Release|Any CPU
		{0EABEE60-E391-4979-AFE7-76AB5E17EEA4}.Release|iPhoneSimulator.Build.0 = Release|Any CPU
		{0EABEE60-E391-4979-AFE7-76AB5E17EEA4}.Release|iPhoneSimulator.Deploy.0 = Release|Any CPU
		{0EABEE60-E391-4979-AFE7-76AB5E17EEA4}.Release|x64.ActiveCfg = Release|Any CPU
		{0EABEE60-E391-4979-AFE7-76AB5E17EEA4}.Release|x64.Build.0 = Release|Any CPU
		{0EABEE60-E391-4979-AFE7-76AB5E17EEA4}.Release|x64.Deploy.0 = Release|Any CPU
		{0EABEE60-E391-4979-AFE7-76AB5E17EEA4}.Release|x86.ActiveCfg = Release|Any CPU
		{0EABEE60-E391-4979-AFE7-76AB5E17EEA4}.Release|x86.Build.0 = Release|Any CPU
		{0EABEE60-E391-4979-AFE7-76AB5E17EEA4}.Release|x86.Deploy.0 = Release|Any CPU
	EndGlobalSection
	GlobalSection(SolutionProperties) = preSolution
		HideSolutionNode = FALSE
	EndGlobalSection
	GlobalSection(ExtensibilityGlobals) = postSolution
		SolutionGuid = {D1FA0E50-9236-4DAC-BC08-06065C522D88}
	EndGlobalSection
EndGlobal
